
Microsoft Visual Studio Solution File, Format Version 12.00
# Visual Studio Version 17
VisualStudioVersion = 17.0.31903.59
MinimumVisualStudioVersion = 10.0.40219.1
Project("{2150E333-8FDC-42A3-9474-1A3956D46DE8}") = "src", "src", "{92C10A01-94BB-459E-A07E-DFB2EA7BBE34}"
EndProject
Project("{FAE04EC0-301F-11D3-BF4B-00C04F79EFBC}") = "Skindexer.Api", "src\Skindexer.Api\Skindexer.Api.csproj", "{EF0B2948-8F28-43C7-BB3F-E146DAAC6390}"
EndProject
Project("{FAE04EC0-301F-11D3-BF4B-00C04F79EFBC}") = "Skindexer.Fetchers", "src\Skindexer.Fetchers\Skindexer.Fetchers.csproj", "{4FA515E7-4D84-4555-8C0C-D7E3394B74F7}"
EndProject
Project("{FAE04EC0-301F-11D3-BF4B-00C04F79EFBC}") = "Skindexer.Contracts", "src\Skindexer.Contracts\Skindexer.Contracts.csproj", "{4E28501C-8991-4172-A832-031151F4B0AF}"
EndProject
Project("{FAE04EC0-301F-11D3-BF4B-00C04F79EFBC}") = "Skindexer.Scheduler", "src\Skindexer.Scheduler\Skindexer.Scheduler.csproj", "{B3019EF6-A89C-4DA7-A8A6-DFAA650B34BF}"
EndProject
Project("{2150E333-8FDC-42A3-9474-1A3956D46DE8}") = "tests", "tests", "{6FB75463-91BC-499B-9943-03E979A3DA2E}"
	ProjectSection(SolutionItems) = preProject
		tests\TestStyleGuide.md = tests\TestStyleGuide.md
	EndProjectSection
EndProject
Project("{FAE04EC0-301F-11D3-BF4B-00C04F79EFBC}") = "Skindexer.Api.Tests", "tests\Skindexer.Api.Tests\Skindexer.Api.Tests.csproj", "{2DF21718-DC95-499B-8A10-BED4E5A9CB9C}"
EndProject
Project("{FAE04EC0-301F-11D3-BF4B-00C04F79EFBC}") = "Skindexer.Fetchers.Tests", "tests\Skindexer.Fetchers.Tests\Skindexer.Fetchers.Tests.csproj", "{25EDB166-FBE3-4539-AEAD-7353D94B450E}"
EndProject
Global
	GlobalSection(SolutionConfigurationPlatforms) = preSolution
		Debug|Any CPU = Debug|Any CPU
		Release|Any CPU = Release|Any CPU
	EndGlobalSection
	GlobalSection(SolutionProperties) = preSolution
		HideSolutionNode = FALSE
	EndGlobalSection
	GlobalSection(ProjectConfigurationPlatforms) = postSolution
		{EF0B2948-8F28-43C7-BB3F-E146DAAC6390}.Debug|Any CPU.ActiveCfg = Debug|Any CPU
		{EF0B2948-8F28-43C7-BB3F-E146DAAC6390}.Debug|Any CPU.Build.0 = Debug|Any CPU
		{EF0B2948-8F28-43C7-BB3F-E146DAAC6390}.Release|Any CPU.ActiveCfg = Release|Any CPU
		{EF0B2948-8F28-43C7-BB3F-E146DAAC6390}.Release|Any CPU.Build.0 = Release|Any CPU
		{4FA515E7-4D84-4555-8C0C-D7E3394B74F7}.Debug|Any CPU.ActiveCfg = Debug|Any CPU
		{4FA515E7-4D84-4555-8C0C-D7E3394B74F7}.Debug|Any CPU.Build.0 = Debug|Any CPU
		{4FA515E7-4D84-4555-8C0C-D7E3394B74F7}.Release|Any CPU.ActiveCfg = Release|Any CPU
		{4FA515E7-4D84-4555-8C0C-D7E3394B74F7}.Release|Any CPU.Build.0 = Release|Any CPU
		{4E28501C-8991-4172-A832-031151F4B0AF}.Debug|Any CPU.ActiveCfg = Debug|Any CPU
		{4E28501C-8991-4172-A832-031151F4B0AF}.Debug|Any CPU.Build.0 = Debug|Any CPU
		{4E28501C-8991-4172-A832-031151F4B0AF}.Release|Any CPU.ActiveCfg = Release|Any CPU
		{4E28501C-8991-4172-A832-031151F4B0AF}.Release|Any CPU.Build.0 = Release|Any CPU
		{B3019EF6-A89C-4DA7-A8A6-DFAA650B34BF}.Debug|Any CPU.ActiveCfg = Debug|Any CPU
		{B3019EF6-A89C-4DA7-A8A6-DFAA650B34BF}.Debug|Any CPU.Build.0 = Debug|Any CPU
		{B3019EF6-A89C-4DA7-A8A6-DFAA650B34BF}.Release|Any CPU.ActiveCfg = Release|Any CPU
		{B3019EF6-A89C-4DA7-A8A6-DFAA650B34BF}.Release|Any CPU.Build.0 = Release|Any CPU
		{2DF21718-DC95-499B-8A10-BED4E5A9CB9C}.Debug|Any CPU.ActiveCfg = Debug|Any CPU
		{2DF21718-DC95-499B-8A10-BED4E5A9CB9C}.Debug|Any CPU.Build.0 = Debug|Any CPU
		{2DF21718-DC95-499B-8A10-BED4E5A9CB9C}.Release|Any CPU.ActiveCfg = Release|Any CPU
		{2DF21718-DC95-499B-8A10-BED4E5A9CB9C}.Release|Any CPU.Build.0 = Release|Any CPU
		{25EDB166-FBE3-4539-AEAD-7353D94B450E}.Debug|Any CPU.ActiveCfg = Debug|Any CPU
		{25EDB166-FBE3-4539-AEAD-7353D94B450E}.Debug|Any CPU.Build.0 = Debug|Any CPU
		{25EDB166-FBE3-4539-AEAD-7353D94B450E}.Release|Any CPU.ActiveCfg = Release|Any CPU
		{25EDB166-FBE3-4539-AEAD-7353D94B450E}.Release|Any CPU.Build.0 = Release|Any CPU
	EndGlobalSection
	GlobalSection(NestedProjects) = preSolution
		{EF0B2948-8F28-43C7-BB3F-E146DAAC6390} = {92C10A01-94BB-459E-A07E-DFB2EA7BBE34}
		{4FA515E7-4D84-4555-8C0C-D7E3394B74F7} = {92C10A01-94BB-459E-A07E-DFB2EA7BBE34}
		{4E28501C-8991-4172-A832-031151F4B0AF} = {92C10A01-94BB-459E-A07E-DFB2EA7BBE34}
		{B3019EF6-A89C-4DA7-A8A6-DFAA650B34BF} = {92C10A01-94BB-459E-A07E-DFB2EA7BBE34}
		{2DF21718-DC95-499B-8A10-BED4E5A9CB9C} = {6FB75463-91BC-499B-9943-03E979A3DA2E}
		{25EDB166-FBE3-4539-AEAD-7353D94B450E} = {6FB75463-91BC-499B-9943-03E979A3DA2E}
	EndGlobalSection
EndGlobal
